
Microsoft Visual Studio Solution File, Format Version 12.00
# Visual Studio 15
VisualStudioVersion = 15.0.27703.2026
MinimumVisualStudioVersion = 10.0.40219.1
Project("{FAE04EC0-301F-11D3-BF4B-00C04F79EFBC}") = "Vacation", "Vacation\Vacation.csproj", "{323693BA-30A7-4801-A649-F2C49B44C713}"
EndProject
Global
	GlobalSection(SolutionConfigurationPlatforms) = preSolution
		Debug|Any CPU = Debug|Any CPU
		Release|Any CPU = Release|Any CPU
	EndGlobalSection
	GlobalSection(ProjectConfigurationPlatforms) = postSolution
		{323693BA-30A7-4801-A649-F2C49B44C713}.Debug|Any CPU.ActiveCfg = Debug|Any CPU
		{323693BA-30A7-4801-A649-F2C49B44C713}.Debug|Any CPU.Build.0 = Debug|Any CPU
		{323693BA-30A7-4801-A649-F2C49B44C713}.Release|Any CPU.ActiveCfg = Release|Any CPU
		{323693BA-30A7-4801-A649-F2C49B44C713}.Release|Any CPU.Build.0 = Release|Any CPU
	EndGlobalSection
	GlobalSection(SolutionProperties) = preSolution
		HideSolutionNode = FALSE
	EndGlobalSection
	GlobalSection(ExtensibilityGlobals) = postSolution
		SolutionGuid = {253FBA99-ED5F-4004-AA62-EB8AB1B27E97}
	EndGlobalSection
EndGlobal
